Lr! D�CDD�R3�91!4�!!H,@�D@�-���yhrG���i��z�oz�"�}uҷ��[�vm�����"���ɪ�H�o�m�޿��i��z���K`��9�6۞�ߧ����͞�u�w���6��5}�z�l�}�z�"�}w޷��[�vm�����"���ɪ�H�o�qǩ�����z�l�]����ƻ�~=�θ�����\�����z��ͼ�Ɲz��u�܉�&�g��*^�mu�w��ؚ����V����w)ښ'>�jh�ݴ����*'�M�z�%��a��l��ނ+-�,��zd��&��(���v��Ϣ��+���i�+��r���s覦���m6��wmtm����tվ����}�8���^|q�z��u�܉�r���M�r���;1�M/z�"�}�ַ��[�vm�����"���ɪ�H�o�r���;1���r���;1�}5��}����oW�y�<ߏ�����:���k�ߦ�z��u�܉�r���Nr���N/z�"�}�ҷ��[�vm�����"���ɪ�H�o�r�����r���}������}��{�Z���m�����߯^ٶ�m�׶�r���M�z�"�~4�z޲�oy�m��?�����k�&��� r��i�+���i�+��4�{`�]9��Z{���޽��u��<۝}��Zw���~���(�~tѧ(�~u����*'�]kz�%��a��l��ނ+-�,��zd��&��(����(���[`ϝ�{^��]_�]�o�}y�<��tkF��o6��{���G�ݳ]4��슉��Z޲�oy�m��?�����k�&��� r��j;��찢�l��ڎ��{,(��>םm�=���tk��߯i��}�\燝{�{տ<�֟�ƣ���
+vʹ����*'�]+z�%��a��l��ނ+-�,��zd��&����G�ݳ��j;��찢�l�mt���ޞ׷�m����\{��{G^�wv����^�u���;Ѩ���oz�"�~5��޲�oy�m��?�����k�&��� r��j;������5��`�͟}�6oo^뭚{��uʹi�y���Ӯ���w�שzw^�Ȟ��8�H�����{�-�)�����V���4j;�ז������슉��j޲�oy�m��?�����k�&��� r��j;������v��3�:�޽{Ο��y�]7oM;�x�G\�wZ���u�^�קr'�r�:�����^z�����M#�����^�����ޮǴ�H�����{�-�)�����V��	���m�]Z�('�ױ�Mw��슉�׊޲�oy�m��?�����k�&��� r��jX���^�����b��{~�^-�=w��t�w����ݹ�Ͷo�:���}�u׷^���zw"z�"�ߨ}6���z�u�Zޥ���k�x5�f����o���u�V����o���u�kޮȨ�]6��(�����i���z����j��(������o���������o���~�M��?{k]u��=omui����]��_�Κ��=}��kv�u��